// !$*UTF8*$!
{
	archiveVersion = 1;
	classes = {
	};
	objectVersion = 50;
	objects = {

/* Begin PBXBuildFile section */
		AB864DFD26C7751A007AD95F /* main.cpp in Sources */ = {isa = PBXBuildFile; fileRef = AB864DFC26C7751A007AD95F /* main.cpp */; };
		AB864E0526C77549007AD95F /* libglfw.dylib in Frameworks */ = {isa = PBXBuildFile; fileRef = AB864E0426C77549007AD95F /* libglfw.dylib */; };
		AB864E0726C7754F007AD95F /* libGLEW.dylib in Frameworks */ = {isa = PBXBuildFile; fileRef = AB864E0626C7754F007AD95F /* libGLEW.dylib */; };
		AB864E0926C77552007AD95F /* libassimp.dylib in Frameworks */ = {isa = PBXBuildFile; fileRef = AB864E0826C77552007AD95F /* libassimp.dylib */; };
		AB864E1226C77A3E007AD95F /* Model.cpp in Sources */ = {isa = PBXBuildFile; fileRef = AB864E0A26C77A3E007AD95F /* Model.cpp */; };
		AB864E1326C77A3E007AD95F /* Camera.cpp in Sources */ = {isa = PBXBuildFile; fileRef = AB864E0B26C77A3E007AD95F /* Camera.cpp */; };
		AB864E1426C77A3E007AD95F /* Mesh.cpp in Sources */ = {isa = PBXBuildFile; fileRef = AB864E0D26C77A3E007AD95F /* Mesh.cpp */; };
		AB864E2326C77B9E007AD95F /* glad.c in Sources */ = {isa = PBXBuildFile; fileRef = AB864E2226C77B9E007AD95F /* glad.c */; };
/* End PBXBuildFile section */

/* Begin PBXCopyFilesBuildPhase section */
		AB864DF726C7751A007AD95F /* CopyFiles */ = {
			isa = PBXCopyFilesBuildPhase;
			buildActionMask = 2147483647;
			dstPath = /usr/share/man/man1/;
			dstSubfolderSpec = 0;
			files = (
			);
			runOnlyForDeploymentPostprocessing = 1;
		};
/* End PBXCopyFilesBuildPhase section */

/* Begin PBXFileReference section */
		AB864DF926C7751A007AD95F /* OpenGL_Test26_DefferedShading */ = {isa = PBXFileReference; explicitFileType = "compiled.mach-o.executable"; includeInIndex = 0; path = OpenGL_Test26_DefferedShading; sourceTree = BUILT_PRODUCTS_DIR; };
		AB864DFC26C7751A007AD95F /* main.cpp */ = {isa = PBXFileReference; lastKnownFileType = sourcecode.cpp.cpp; path = main.cpp; sourceTree = "<group>"; };
		AB864E0426C77549007AD95F /* libglfw.dylib */ = {isa = PBXFileReference; lastKnownFileType = "compiled.mach-o.dylib"; name = libglfw.dylib; path = ../../../glfw/3.3.4/lib/libglfw.dylib; sourceTree = "<group>"; };
		AB864E0626C7754F007AD95F /* libGLEW.dylib */ = {isa = PBXFileReference; lastKnownFileType = "compiled.mach-o.dylib"; name = libGLEW.dylib; path = ../../../glew/2.2.0_1/lib/libGLEW.dylib; sourceTree = "<group>"; };
		AB864E0826C77552007AD95F /* libassimp.dylib */ = {isa = PBXFileReference; lastKnownFileType = "compiled.mach-o.dylib"; name = libassimp.dylib; path = ../../../assimp/5.0.1/lib/libassimp.dylib; sourceTree = "<group>"; };
		AB864E0A26C77A3E007AD95F /* Model.cpp */ = {isa = PBXFileReference; fileEncoding = 4; lastKnownFileType = sourcecode.cpp.cpp; path = Model.cpp; sourceTree = "<group>"; };
		AB864E0B26C77A3E007AD95F /* Camera.cpp */ = {isa = PBXFileReference; fileEncoding = 4; lastKnownFileType = sourcecode.cpp.cpp; path = Camera.cpp; sourceTree = "<group>"; };
		AB864E0C26C77A3E007AD95F /* stb_image.h */ = {isa = PBXFileReference; fileEncoding = 4; lastKnownFileType = sourcecode.c.h; path = stb_image.h; sourceTree = "<group>"; };
		AB864E0D26C77A3E007AD95F /* Mesh.cpp */ = {isa = PBXFileReference; fileEncoding = 4; lastKnownFileType = sourcecode.cpp.cpp; path = Mesh.cpp; sourceTree = "<group>"; };
		AB864E0E26C77A3E007AD95F /* Mesh.hpp */ = {isa = PBXFileReference; fileEncoding = 4; lastKnownFileType = sourcecode.cpp.h; path = Mesh.hpp; sourceTree = "<group>"; };
		AB864E0F26C77A3E007AD95F /* Model.hpp */ = {isa = PBXFileReference; fileEncoding = 4; lastKnownFileType = sourcecode.cpp.h; path = Model.hpp; sourceTree = "<group>"; };
		AB864E1026C77A3E007AD95F /* Shader.h */ = {isa = PBXFileReference; fileEncoding = 4; lastKnownFileType = sourcecode.c.h; path = Shader.h; sourceTree = "<group>"; };
		AB864E1126C77A3E007AD95F /* Camera.hpp */ = {isa = PBXFileReference; fileEncoding = 4; lastKnownFileType = sourcecode.cpp.h; path = Camera.hpp; sourceTree = "<group>"; };
		AB864E1726C77A53007AD95F /* DefferedShading.fs */ = {isa = PBXFileReference; lastKnownFileType = sourcecode.glsl; path = DefferedShading.fs; sourceTree = "<group>"; };
		AB864E1826C77A53007AD95F /* GBuffer.fs */ = {isa = PBXFileReference; lastKnownFileType = sourcecode.glsl; path = GBuffer.fs; sourceTree = "<group>"; };
		AB864E1926C77A53007AD95F /* DefferedLightBox.fs */ = {isa = PBXFileReference; lastKnownFileType = sourcecode.glsl; path = DefferedLightBox.fs; sourceTree = "<group>"; };
		AB864E1A26C77A53007AD95F /* DefferedLightBox.vs */ = {isa = PBXFileReference; lastKnownFileType = sourcecode.glsl; path = DefferedLightBox.vs; sourceTree = "<group>"; };
		AB864E1B26C77A53007AD95F /* GBuffer.vs */ = {isa = PBXFileReference; lastKnownFileType = sourcecode.glsl; path = GBuffer.vs; sourceTree = "<group>"; };
		AB864E1C26C77A53007AD95F /* DefferedShading.vs */ = {isa = PBXFileReference; lastKnownFileType = sourcecode.glsl; path = DefferedShading.vs; sourceTree = "<group>"; };
		AB864E2226C77B9E007AD95F /* glad.c */ = {isa = PBXFileReference; fileEncoding = 4; lastKnownFileType = sourcecode.c.c; name = glad.c; path = ../../../../glad/src/glad.c; sourceTree = "<group>"; };
/* End PBXFileReference section */

/* Begin PBXFrameworksBuildPhase section */
		AB864DF626C7751A007AD95F /* Frameworks */ = {
			isa = PBXFrameworksBuildPhase;
			buildActionMask = 2147483647;
			files = (
				AB864E0526C77549007AD95F /* libglfw.dylib in Frameworks */,
				AB864E0726C7754F007AD95F /* libGLEW.dylib in Frameworks */,
				AB864E0926C77552007AD95F /* libassimp.dylib in Frameworks */,
			);
			runOnlyForDeploymentPostprocessing = 0;
		};
/* End PBXFrameworksBuildPhase section */

/* Begin PBXGroup section */
		AB864DF026C7751A007AD95F = {
			isa = PBXGroup;
			children = (
				AB864DFB26C7751A007AD95F /* OpenGL_Test26_DefferedShading */,
				AB864DFA26C7751A007AD95F /* Products */,
				AB864E0326C77549007AD95F /* Frameworks */,
			);
			sourceTree = "<group>";
		};
		AB864DFA26C7751A007AD95F /* Products */ = {
			isa = PBXGroup;
			children = (
				AB864DF926C7751A007AD95F /* OpenGL_Test26_DefferedShading */,
			);
			name = Products;
			sourceTree = "<group>";
		};
		AB864DFB26C7751A007AD95F /* OpenGL_Test26_DefferedShading */ = {
			isa = PBXGroup;
			children = (
				AB864E1526C77A53007AD95F /* LightShader */,
				AB864E2226C77B9E007AD95F /* glad.c */,
				AB864E0B26C77A3E007AD95F /* Camera.cpp */,
				AB864E1126C77A3E007AD95F /* Camera.hpp */,
				AB864E0D26C77A3E007AD95F /* Mesh.cpp */,
				AB864E0E26C77A3E007AD95F /* Mesh.hpp */,
				AB864E0A26C77A3E007AD95F /* Model.cpp */,
				AB864E0F26C77A3E007AD95F /* Model.hpp */,
				AB864E1026C77A3E007AD95F /* Shader.h */,
				AB864E0C26C77A3E007AD95F /* stb_image.h */,
				AB864DFC26C7751A007AD95F /* main.cpp */,
			);
			path = OpenGL_Test26_DefferedShading;
			sourceTree = "<group>";
		};
		AB864E0326C77549007AD95F /* Frameworks */ = {
			isa = PBXGroup;
			children = (
				AB864E0826C77552007AD95F /* libassimp.dylib */,
				AB864E0626C7754F007AD95F /* libGLEW.dylib */,
				AB864E0426C77549007AD95F /* libglfw.dylib */,
			);
			name = Frameworks;
			sourceTree = "<group>";
		};
		AB864E1526C77A53007AD95F /* LightShader */ = {
			isa = PBXGroup;
			children = (
				AB864E1B26C77A53007AD95F /* GBuffer.vs */,
				AB864E1826C77A53007AD95F /* GBuffer.fs */,
				AB864E1C26C77A53007AD95F /* DefferedShading.vs */,
				AB864E1726C77A53007AD95F /* DefferedShading.fs */,
				AB864E1A26C77A53007AD95F /* DefferedLightBox.vs */,
				AB864E1926C77A53007AD95F /* DefferedLightBox.fs */,
			);
			path = LightShader;
			sourceTree = "<group>";
		};
/* End PBXGroup section */

/* Begin PBXNativeTarget section */
		AB864DF826C7751A007AD95F /* OpenGL_Test26_DefferedShading */ = {
			isa = PBXNativeTarget;
			buildConfigurationList = AB864E0026C7751A007AD95F /* Build configuration list for PBXNativeTarget "OpenGL_Test26_DefferedShading" */;
			buildPhases = (
				AB864DF526C7751A007AD95F /* Sources */,
				AB864DF626C7751A007AD95F /* Frameworks */,
				AB864DF726C7751A007AD95F /* CopyFiles */,
			);
			buildRules = (
			);
			dependencies = (
			);
			name = OpenGL_Test26_DefferedShading;
			productName = OpenGL_Test26_DefferedShading;
			productReference = AB864DF926C7751A007AD95F /* OpenGL_Test26_DefferedShading */;
			productType = "com.apple.product-type.tool";
		};
/* End PBXNativeTarget section */

/* Begin PBXProject section */
		AB864DF126C7751A007AD95F /* Project object */ = {
			isa = PBXProject;
			attributes = {
				LastUpgradeCheck = 1250;
				TargetAttributes = {
					AB864DF826C7751A007AD95F = {
						CreatedOnToolsVersion = 12.5.1;
					};
				};
			};
			buildConfigurationList = AB864DF426C7751A007AD95F /* Build configuration list for PBXProject "OpenGL_Test26_DefferedShading" */;
			compatibilityVersion = "Xcode 9.3";
			developmentRegion = en;
			hasScannedForEncodings = 0;
			knownRegions = (
				en,
				Base,
			);
			mainGroup = AB864DF026C7751A007AD95F;
			productRefGroup = AB864DFA26C7751A007AD95F /* Products */;
			projectDirPath = "";
			projectRoot = "";
			targets = (
				AB864DF826C7751A007AD95F /* OpenGL_Test26_DefferedShading */,
			);
		};
/* End PBXProject section */

/* Begin PBXSourcesBuildPhase section */
		AB864DF526C7751A007AD95F /* Sources */ = {
			isa = PBXSourcesBuildPhase;
			buildActionMask = 2147483647;
			files = (
				AB864E2326C77B9E007AD95F /* glad.c in Sources */,
				AB864DFD26C7751A007AD95F /* main.cpp in Sources */,
				AB864E1326C77A3E007AD95F /* Camera.cpp in Sources */,
				AB864E1426C77A3E007AD95F /* Mesh.cpp in Sources */,
				AB864E1226C77A3E007AD95F /* Model.cpp in Sources */,
			);
			runOnlyForDeploymentPostprocessing = 0;
		};
/* End PBXSourcesBuildPhase section */

/* Begin XCBuildConfiguration section */
		AB864DFE26C7751A007AD95F /* Debug */ = {
			isa = XCBuildConfiguration;
			buildSettings = {
				ALWAYS_SEARCH_USER_PATHS = NO;
				CLANG_ANALYZER_NONNULL = YES;
				CLANG_ANALYZER_NUMBER_OBJECT_CONVERSION = YES_AGGRESSIVE;
				CLANG_CXX_LANGUAGE_STANDARD = "gnu++14";
				CLANG_CXX_LIBRARY = "libc++";
				CLANG_ENABLE_MODULES = YES;
				CLANG_ENABLE_OBJC_ARC = YES;
				CLANG_ENABLE_OBJC_WEAK = YES;
				CLANG_WARN_BLOCK_CAPTURE_AUTORELEASING = YES;
				CLANG_WARN_BOOL_CONVERSION = YES;
				CLANG_WARN_COMMA = YES;
				CLANG_WARN_CONSTANT_CONVERSION = YES;
				CLANG_WARN_DEPRECATED_OBJC_IMPLEMENTATIONS = YES;
				CLANG_WARN_DIRECT_OBJC_ISA_USAGE = YES_ERROR;
				CLANG_WARN_DOCUMENTATION_COMMENTS = YES;
				CLANG_WARN_EMPTY_BODY = YES;
				CLANG_WARN_ENUM_CONVERSION = YES;
				CLANG_WARN_INFINITE_RECURSION = YES;
				CLANG_WARN_INT_CONVERSION = YES;
				CLANG_WARN_NON_LITERAL_NULL_CONVERSION = YES;
				CLANG_WARN_OBJC_IMPLICIT_RETAIN_SELF = YES;
				CLANG_WARN_OBJC_LITERAL_CONVERSION = YES;
				CLANG_WARN_OBJC_ROOT_CLASS = YES_ERROR;
				CLANG_WARN_QUOTED_INCLUDE_IN_FRAMEWORK_HEADER = YES;
				CLANG_WARN_RANGE_LOOP_ANALYSIS = YES;
				CLANG_WARN_STRICT_PROTOTYPES = YES;
				CLANG_WARN_SUSPICIOUS_MOVE = YES;
				CLANG_WARN_UNGUARDED_AVAILABILITY = YES_AGGRESSIVE;
				CLANG_WARN_UNREACHABLE_CODE = YES;
				CLANG_WARN__DUPLICATE_METHOD_MATCH = YES;
				COPY_PHASE_STRIP = NO;
				DEBUG_INFORMATION_FORMAT = dwarf;
				ENABLE_STRICT_OBJC_MSGSEND = YES;
				ENABLE_TESTABILITY = YES;
				GCC_C_LANGUAGE_STANDARD = gnu11;
				GCC_DYNAMIC_NO_PIC = NO;
				GCC_NO_COMMON_BLOCKS = YES;
				GCC_OPTIMIZATION_LEVEL = 0;
				GCC_PREPROCESSOR_DEFINITIONS = (
					"DEBUG=1",
					"$(inherited)",
				);
				GCC_WARN_64_TO_32_BIT_CONVERSION = YES;
				GCC_WARN_ABOUT_RETURN_TYPE = YES_ERROR;
				GCC_WARN_UNDECLARED_SELECTOR = YES;
				GCC_WARN_UNINITIALIZED_AUTOS = YES_AGGRESSIVE;
				GCC_WARN_UNUSED_FUNCTION = YES;
				GCC_WARN_UNUSED_VARIABLE = YES;
				MACOSX_DEPLOYMENT_TARGET = 11.3;
				MTL_ENABLE_DEBUG_INFO = INCLUDE_SOURCE;
				MTL_FAST_MATH = YES;
				ONLY_ACTIVE_ARCH = YES;
				SDKROOT = macosx;
			};
			name = Debug;
		};
		AB864DFF26C7751A007AD95F /* Release */ = {
			isa = XCBuildConfiguration;
			buildSettings = {
				ALWAYS_SEARCH_USER_PATHS = NO;
				CLANG_ANALYZER_NONNULL = YES;
				CLANG_ANALYZER_NUMBER_OBJECT_CONVERSION = YES_AGGRESSIVE;
				CLANG_CXX_LANGUAGE_STANDARD = "gnu++14";
				CLANG_CXX_LIBRARY = "libc++";
				CLANG_ENABLE_MODULES = YES;
				CLANG_ENABLE_OBJC_ARC = YES;
				CLANG_ENABLE_OBJC_WEAK = YES;
				CLANG_WARN_BLOCK_CAPTURE_AUTORELEASING = YES;
				CLANG_WARN_BOOL_CONVERSION = YES;
				CLANG_WARN_COMMA = YES;
				CLANG_WARN_CONSTANT_CONVERSION = YES;
				CLANG_WARN_DEPRECATED_OBJC_IMPLEMENTATIONS = YES;
				CLANG_WARN_DIRECT_OBJC_ISA_USAGE = YES_ERROR;
				CLANG_WARN_DOCUMENTATION_COMMENTS = YES;
				CLANG_WARN_EMPTY_BODY = YES;
				CLANG_WARN_ENUM_CONVERSION = YES;
				CLANG_WARN_INFINITE_RECURSION = YES;
				CLANG_WARN_INT_CONVERSION = YES;
				CLANG_WARN_NON_LITERAL_NULL_CONVERSION = YES;
				CLANG_WARN_OBJC_IMPLICIT_RETAIN_SELF = YES;
				CLANG_WARN_OBJC_LITERAL_CONVERSION = YES;
				CLANG_WARN_OBJC_ROOT_CLASS = YES_ERROR;
				CLANG_WARN_QUOTED_INCLUDE_IN_FRAMEWORK_HEADER = YES;
				CLANG_WARN_RANGE_LOOP_ANALYSIS = YES;
				CLANG_WARN_STRICT_PROTOTYPES = YES;
				CLANG_WARN_SUSPICIOUS_MOVE = YES;
				CLANG_WARN_UNGUARDED_AVAILABILITY = YES_AGGRESSIVE;
				CLANG_WARN_UNREACHABLE_CODE = YES;
				CLANG_WARN__DUPLICATE_METHOD_MATCH = YES;
				COPY_PHASE_STRIP = NO;
				DEBUG_INFORMATION_FORMAT = "dwarf-with-dsym";
				ENABLE_NS_ASSERTIONS = NO;
				ENABLE_STRICT_OBJC_MSGSEND = YES;
				GCC_C_LANGUAGE_STANDARD = gnu11;
				GCC_NO_COMMON_BLOCKS = YES;
				GCC_WARN_64_TO_32_BIT_CONVERSION = YES;
				GCC_WARN_ABOUT_RETURN_TYPE = YES_ERROR;
				GCC_WARN_UNDECLARED_SELECTOR = YES;
				GCC_WARN_UNINITIALIZED_AUTOS = YES_AGGRESSIVE;
				GCC_WARN_UNUSED_FUNCTION = YES;
				GCC_WARN_UNUSED_VARIABLE = YES;
				MACOSX_DEPLOYMENT_TARGET = 11.3;
				MTL_ENABLE_DEBUG_INFO = NO;
				MTL_FAST_MATH = YES;
				SDKROOT = macosx;
			};
			name = Release;
		};
		AB864E0126C7751A007AD95F /* Debug */ = {
			isa = XCBuildConfiguration;
			buildSettings = {
				CODE_SIGN_STYLE = Automatic;
				HEADER_SEARCH_PATHS = (
					"\"$(SRCROOT)/../../../assimp/5.0.1/include\"",
					"\"$(SRCROOT)/../../../glad/include\"",
					"\"$(SRCROOT)/../../../glew/2.2.0_1/include\"",
					"\"$(SRCROOT)/../../../glfw/3.3.4/include\"",
					"\"$(SRCROOT)/../../../glm/0.9.9.8/include\"",
				);
				LIBRARY_SEARCH_PATHS = (
					"\"$(SRCROOT)/../../../glfw/3.3.4/lib\"",
					"\"$(SRCROOT)/../../../glew/2.2.0_1/lib\"",
					"\"$(SRCROOT)/../../../assimp/5.0.1/lib\"",
				);
				PRODUCT_NAME = "$(TARGET_NAME)";
			};
			name = Debug;
		};
		AB864E0226C7751A007AD95F /* Release */ = {
			isa = XCBuildConfiguration;
			buildSettings = {
				CODE_SIGN_STYLE = Automatic;
				HEADER_SEARCH_PATHS = (
					"\"$(SRCROOT)/../../../assimp/5.0.1/include\"",
					"\"$(SRCROOT)/../../../glad/include\"",
					"\"$(SRCROOT)/../../../glew/2.2.0_1/include\"",
					"\"$(SRCROOT)/../../../glfw/3.3.4/include\"",
					"\"$(SRCROOT)/../../../glm/0.9.9.8/include\"",
				);
				LIBRARY_SEARCH_PATHS = (
					"\"$(SRCROOT)/../../../glfw/3.3.4/lib\"",
					"\"$(SRCROOT)/../../../glew/2.2.0_1/lib\"",
					"\"$(SRCROOT)/../../../assimp/5.0.1/lib\"",
				);
				PRODUCT_NAME = "$(TARGET_NAME)";
			};
			name = Release;
		};
/* End XCBuildConfiguration section */

/* Begin XCConfigurationList section */
		AB864DF426C7751A007AD95F /* Build configuration list for PBXProject "OpenGL_Test26_DefferedShading" */ = {
			isa = XCConfigurationList;
			buildConfigurations = (
				AB864DFE26C7751A007AD95F /* Debug */,
				AB864DFF26C7751A007AD95F /* Release */,
			);
			defaultConfigurationIsVisible = 0;
			defaultConfigurationName = Release;
		};
		AB864E0026C7751A007AD95F /* Build configuration list for PBXNativeTarget "OpenGL_Test26_DefferedShading" */ = {
			isa = XCConfigurationList;
			buildConfigurations = (
				AB864E0126C7751A007AD95F /* Debug */,
				AB864E0226C7751A007AD95F /* Release */,
			);
			defaultConfigurationIsVisible = 0;
			defaultConfigurationName = Release;
		};
/* End XCConfigurationList section */
	};
	rootObject = AB864DF126C7751A007AD95F /* Project object */;
}
